{
  "name": "pick-100-pool",
  "version": "1.0.0",
  "lockfileVersion": 1,
  "requires": true,
  "dependencies": {
    "express": {
      "version": "3.2.6",
      "resolved": "https://registry.npmjs.org/express/-/express-3.2.6.tgz",
      "integrity": "sha1-2Kn+BlrcI8W0HsLGicZysmFDD/w=",
      "requires": {
        "buffer-crc32": "0.2.1",
        "commander": "0.6.1",
        "connect": "2.7.11",
        "cookie": "0.1.0",
        "cookie-signature": "1.0.1",
        "debug": "2.2.0",
        "fresh": "0.1.0",
        "methods": "0.0.1",
        "mkdirp": "0.3.4",
        "range-parser": "0.0.4",
        "send": "0.1.0"
      },
      "dependencies": {
        "buffer-crc32": {
          "version": "0.2.1",
          "resolved": "https://registry.npmjs.org/buffer-crc32/-/buffer-crc32-0.2.1.tgz",
          "integrity": "sha1-vj5TgvwCttYySVasGvmKqYsIU0w="
        },
        "commander": {
          "version": "0.6.1",
          "resolved": "https://registry.npmjs.org/commander/-/commander-0.6.1.tgz",
          "integrity": "sha1-+mihT2qUXVTbvlDYzbMyDp47GgY="
        },
        "connect": {
          "version": "2.7.11",
          "resolved": "https://registry.npmjs.org/connect/-/connect-2.7.11.tgz",
          "integrity": "sha1-9WHV7vcLjXGcOX9yTTS6QGXHej4=",
          "requires": {
            "buffer-crc32": "0.2.1",
            "bytes": "0.2.0",
            "cookie": "0.0.5",
            "cookie-signature": "1.0.1",
            "debug": "2.2.0",
            "formidable": "1.0.14",
            "fresh": "0.1.0",
            "pause": "0.0.1",
            "qs": "0.6.5",
            "send": "0.1.1"
          },
          "dependencies": {
            "bytes": {
              "version": "0.2.0",
              "resolved": "https://registry.npmjs.org/bytes/-/bytes-0.2.0.tgz",
              "integrity": "sha1-qtM+wU49wsp06OfUUfm6BTrU96A="
            },
            "cookie": {
              "version": "0.0.5",
              "resolved": "https://registry.npmjs.org/cookie/-/cookie-0.0.5.tgz",
              "integrity": "sha1-+az521frdWjJ/MWWJWt7si4wfIE="
            },
            "formidable": {
              "version": "1.0.14",
              "resolved": "https://registry.npmjs.org/formidable/-/formidable-1.0.14.tgz",
              "integrity": "sha1-Kz9MQRy7X91pXESEPiojUUpDIxo="
            },
            "pause": {
              "version": "0.0.1",
              "resolved": "https://registry.npmjs.org/pause/-/pause-0.0.1.tgz",
              "integrity": "sha1-HUCLP9t2kjuVQ9lvtMnf1TXZy10="
            },
            "qs": {
              "version": "0.6.5",
              "resolved": "https://registry.npmjs.org/qs/-/qs-0.6.5.tgz",
              "integrity": "sha1-KUsmjksNQlD23eGbO4s0k13/FO8="
            },
            "send": {
              "version": "0.1.1",
              "resolved": "https://registry.npmjs.org/send/-/send-0.1.1.tgz",
              "integrity": "sha1-C8/L0D3vbi2GEuGr+PSJW0UMYMg=",
              "requires": {
                "debug": "2.2.0",
                "fresh": "0.1.0",
                "mime": "1.2.11",
                "range-parser": "0.0.4"
              },
              "dependencies": {
                "mime": {
                  "version": "1.2.11",
                  "resolved": "https://registry.npmjs.org/mime/-/mime-1.2.11.tgz",
                  "integrity": "sha1-WCA+7Ybjpe8XrtK32evUfwpg3RA="
                }
              }
            }
          }
        },
        "cookie": {
          "version": "0.1.0",
          "resolved": "https://registry.npmjs.org/cookie/-/cookie-0.1.0.tgz",
          "integrity": "sha1-kOtGndzpBchm3mh+/EMTHYgB+dA="
        },
        "cookie-signature": {
          "version": "1.0.1",
          "resolved": "https://registry.npmjs.org/cookie-signature/-/cookie-signature-1.0.1.tgz",
          "integrity": "sha1-ROByFIrwHm6OJK+/EmkNaK5pjss="
        },
        "debug": {
          "version": "2.2.0",
          "resolved": "https://registry.npmjs.org/debug/-/debug-2.2.0.tgz",
          "integrity": "sha1-+HBX6ZWxofauaklgZkE3vFbwOdo=",
          "requires": {
            "ms": "0.7.1"
          },
          "dependencies": {
            "ms": {
              "version": "0.7.1",
              "resolved": "https://registry.npmjs.org/ms/-/ms-0.7.1.tgz",
              "integrity": "sha1-nNE8A62/8ltl7/3nzoZO6VIBcJg="
            }
          }
        },
        "fresh": {
          "version": "0.1.0",
          "resolved": "https://registry.npmjs.org/fresh/-/fresh-0.1.0.tgz",
          "integrity": "sha1-A+SwF4Qk5MLV0ZpU2IFM3JeTSFA="
        },
        "methods": {
          "version": "0.0.1",
          "resolved": "https://registry.npmjs.org/methods/-/methods-0.0.1.tgz",
          "integrity": "sha1-J3yQ+L7zlwlkWoNxxRw7bGSOBow="
        },
        "mkdirp": {
          "version": "0.3.4",
          "resolved": "https://registry.npmjs.org/mkdirp/-/mkdirp-0.3.4.tgz",
          "integrity": "sha1-+MgdITtymaAx8ZOlfXUqF9L2x9g="
        },
        "range-parser": {
          "version": "0.0.4",
          "resolved": "https://registry.npmjs.org/range-parser/-/range-parser-0.0.4.tgz",
          "integrity": "sha1-wEJ//vUcEKy6B4KkbJYC50T/Ygs="
        },
        "send": {
          "version": "0.1.0",
          "resolved": "https://registry.npmjs.org/send/-/send-0.1.0.tgz",
          "integrity": "sha1-z7COvTzsm3/Bo32f+eh1qXHPRkA=",
          "requires": {
            "debug": "2.2.0",
            "fresh": "0.1.0",
            "mime": "1.2.6",
            "range-parser": "0.0.4"
          },
          "dependencies": {
            "mime": {
              "version": "1.2.6",
              "resolved": "https://registry.npmjs.org/mime/-/mime-1.2.6.tgz",
              "integrity": "sha1-sfhsdowCX6h7SAdfFwnyiuryA2U="
            }
          }
        }
      }
    },
    "firebase": {
      "version": "2.4.1",
      "resolved": "https://registry.npmjs.org/firebase/-/firebase-2.4.1.tgz",
      "integrity": "sha1-ipdsY7i5BXdzGpfMVpaZoBh1NEs=",
      "requires": {
        "faye-websocket": "0.9.3"
      },
      "dependencies": {
        "faye-websocket": {
          "version": "0.9.3",
          "resolved": "https://registry.npmjs.org/faye-websocket/-/faye-websocket-0.9.3.tgz",
          "integrity": "sha1-SCpQWw3wrmJrlphm0710DNuWLoM=",
          "requires": {
            "websocket-driver": "0.5.2"
          },
          "dependencies": {
            "websocket-driver": {
              "version": "0.5.2",
              "resolved": "https://registry.npmjs.org/websocket-driver/-/websocket-driver-0.5.2.tgz",
              "integrity": "sha1-jHyF2gcTtAYFVrTXHAF3XuEmnrk=",
              "requires": {
                "websocket-extensions": "0.1.1"
              },
              "dependencies": {
                "websocket-extensions": {
                  "version": "0.1.1",
                  "resolved": "https://registry.npmjs.org/websocket-extensions/-/websocket-extensions-0.1.1.tgz",
                  "integrity": "sha1-domUmcGEtu91Q3fC27DNbLVdKec="
                }
              }
            }
          }
        }
      }
    },
    "moment": {
      "version": "2.19.4",
      "resolved": "https://registry.npmjs.org/moment/-/moment-2.19.4.tgz",
      "integrity": "sha512-1xFTAknSLfc47DIxHDUbnJWC+UwgWxATmymaxIPQpmMh7LBm7ZbwVEsuushqwL2GYZU0jie4xO+TK44hJPjNSQ=="
    },
    "q": {
      "version": "1.0.1",
      "resolved": "https://registry.npmjs.org/q/-/q-1.0.1.tgz",
      "integrity": "sha1-EYcq7t7okmgRCxCnGESP+xARKhQ="
    },
    "restler": {
      "version": "3.1.0",
      "resolved": "https://registry.npmjs.org/restler/-/restler-3.1.0.tgz",
      "integrity": "sha1-oZzSOsyAiM33wbBX4CQifY0/r0E=",
      "requires": {
        "iconv-lite": "0.2.11",
        "qs": "0.6.6",
        "xml2js": "0.4.0",
        "yaml": "0.2.3"
      },
      "dependencies": {
        "iconv-lite": {
          "version": "0.2.11",
          "resolved": "https://registry.npmjs.org/iconv-lite/-/iconv-lite-0.2.11.tgz",
          "integrity": "sha1-HOYKOleGSiktEyH/RgnKS7llrcg="
        },
        "qs": {
          "version": "0.6.6",
          "resolved": "https://registry.npmjs.org/qs/-/qs-0.6.6.tgz",
          "integrity": "sha1-bgFQmP9RlouKPIGQAdXyyJvEsQc="
        },
        "xml2js": {
          "version": "0.4.0",
          "resolved": "https://registry.npmjs.org/xml2js/-/xml2js-0.4.0.tgz",
          "integrity": "sha1-Ek/EEUtBKcgQgA7LKshs8lRiy5o=",
          "requires": {
            "sax": "0.5.8",
            "xmlbuilder": "5.0.1"
          },
          "dependencies": {
            "sax": {
              "version": "0.5.8",
              "resolved": "https://registry.npmjs.org/sax/-/sax-0.5.8.tgz",
              "integrity": "sha1-1HLbIo6zMcJQaw6MFVJK25OdEsE="
            },
            "xmlbuilder": {
              "version": "5.0.1",
              "resolved": "https://registry.npmjs.org/xmlbuilder/-/xmlbuilder-5.0.1.tgz",
              "integrity": "sha1-FV8ftuhgE3BHRD21SpsmN2Gx9cM=",
              "requires": {
                "lodash": "4.6.1"
              },
              "dependencies": {
                "lodash": {
                  "version": "4.6.1",
                  "resolved": "https://registry.npmjs.org/lodash/-/lodash-4.6.1.tgz",
                  "integrity": "sha1-3wDBFkrSNrGDz8OIel6NOMxjy7w="
                }
              }
            }
          }
        },
        "yaml": {
          "version": "0.2.3",
          "resolved": "https://registry.npmjs.org/yaml/-/yaml-0.2.3.tgz",
          "integrity": "sha1-tUUOkudu82td0k42YAkeuu7z5cc="
        }
      }
    }
  }
}
